// !$*UTF8*$!
{
	archiveVersion = 1;
	classes = {
	};
	objectVersion = 56;
	objects = {

/* Begin PBXBuildFile section */
		70216E51299B59B0008FB54D /* AppDelegate.swift in Sources */ = {isa = PBXBuildFile; fileRef = 70216E50299B59B0008FB54D /* AppDelegate.swift */; };
		70216E53299B59B0008FB54D /* SceneDelegate.swift in Sources */ = {isa = PBXBuildFile; fileRef = 70216E52299B59B0008FB54D /* SceneDelegate.swift */; };
		70216E5A299B59B2008FB54D /* Assets.xcassets in Resources */ = {isa = PBXBuildFile; fileRef = 70216E59299B59B2008FB54D /* Assets.xcassets */; };
		70216E5D299B59B2008FB54D /* LaunchScreen.storyboard in Resources */ = {isa = PBXBuildFile; fileRef = 70216E5B299B59B2008FB54D /* LaunchScreen.storyboard */; };
		70216E69299B5C9C008FB54D /* Alamofire in Frameworks */ = {isa = PBXBuildFile; productRef = 70216E68299B5C9C008FB54D /* Alamofire */; };
		70216E6C299B5CAB008FB54D /* SnapKit in Frameworks */ = {isa = PBXBuildFile; productRef = 70216E6B299B5CAB008FB54D /* SnapKit */; };
		70216E72299B5FBC008FB54D /* API.swift in Sources */ = {isa = PBXBuildFile; fileRef = 70216E71299B5FBC008FB54D /* API.swift */; };
		70216E74299B60C6008FB54D /* NetworkService.swift in Sources */ = {isa = PBXBuildFile; fileRef = 70216E73299B60C6008FB54D /* NetworkService.swift */; };
		70216E77299B6150008FB54D /* Recipe.swift in Sources */ = {isa = PBXBuildFile; fileRef = 70216E76299B6150008FB54D /* Recipe.swift */; };
		70216E79299B64A5008FB54D /* Ingridient.swift in Sources */ = {isa = PBXBuildFile; fileRef = 70216E78299B64A5008FB54D /* Ingridient.swift */; };
		70216E8D299B9757008FB54D /* HomePresenter.swift in Sources */ = {isa = PBXBuildFile; fileRef = 70216E87299B9757008FB54D /* HomePresenter.swift */; };
		70216E8F299B9757008FB54D /* HomeRouter.swift in Sources */ = {isa = PBXBuildFile; fileRef = 70216E89299B9757008FB54D /* HomeRouter.swift */; };
		70216E90299B9757008FB54D /* HomeModels.swift in Sources */ = {isa = PBXBuildFile; fileRef = 70216E8A299B9757008FB54D /* HomeModels.swift */; };
		70216E91299B9757008FB54D /* HomeViewController.swift in Sources */ = {isa = PBXBuildFile; fileRef = 70216E8B299B9757008FB54D /* HomeViewController.swift */; };
		70216E92299B9757008FB54D /* HomeInteractor.swift in Sources */ = {isa = PBXBuildFile; fileRef = 70216E8C299B9757008FB54D /* HomeInteractor.swift */; };
		70216E94299B9A66008FB54D /* RecipeCell.swift in Sources */ = {isa = PBXBuildFile; fileRef = 70216E93299B9A66008FB54D /* RecipeCell.swift */; };
		70216EAC299BC26C008FB54D /* RecipeDetailsPresenter.swift in Sources */ = {isa = PBXBuildFile; fileRef = 70216EA6299BC26C008FB54D /* RecipeDetailsPresenter.swift */; };
		70216EAD299BC26C008FB54D /* RecipeDetailsWorker.swift in Sources */ = {isa = PBXBuildFile; fileRef = 70216EA7299BC26C008FB54D /* RecipeDetailsWorker.swift */; };
		70216EAE299BC26C008FB54D /* RecipeDetailsRouter.swift in Sources */ = {isa = PBXBuildFile; fileRef = 70216EA8299BC26C008FB54D /* RecipeDetailsRouter.swift */; };
		70216EAF299BC26C008FB54D /* RecipeDetailsModels.swift in Sources */ = {isa = PBXBuildFile; fileRef = 70216EA9299BC26C008FB54D /* RecipeDetailsModels.swift */; };
		70216EB0299BC26C008FB54D /* RecipeDetailsViewController.swift in Sources */ = {isa = PBXBuildFile; fileRef = 70216EAA299BC26C008FB54D /* RecipeDetailsViewController.swift */; };
		70216EB1299BC26C008FB54D /* RecipeDetailsInteractor.swift in Sources */ = {isa = PBXBuildFile; fileRef = 70216EAB299BC26C008FB54D /* RecipeDetailsInteractor.swift */; };
		70216EB3299BCF21008FB54D /* ImageCache.swift in Sources */ = {isa = PBXBuildFile; fileRef = 70216EB2299BCF21008FB54D /* ImageCache.swift */; };
		70216EB6299BDC7E008FB54D /* UIVIew + ShowAlert.swift in Sources */ = {isa = PBXBuildFile; fileRef = 70216EB5299BDC7E008FB54D /* UIVIew + ShowAlert.swift */; };
		70216EB8299D0FA5008FB54D /* FiltersViewController.swift in Sources */ = {isa = PBXBuildFile; fileRef = 70216EB7299D0FA5008FB54D /* FiltersViewController.swift */; };
		70216EBA299D105F008FB54D /* UIView + Preview.swift in Sources */ = {isa = PBXBuildFile; fileRef = 70216EB9299D105F008FB54D /* UIView + Preview.swift */; };
		70216EBD299D1394008FB54D /* DropDown.xcframework in Frameworks */ = {isa = PBXBuildFile; fileRef = 70216EBC299D1394008FB54D /* DropDown.xcframework */; };
		70216EBE299D1394008FB54D /* DropDown.xcframework in Embed Frameworks */ = {isa = PBXBuildFile; fileRef = 70216EBC299D1394008FB54D /* DropDown.xcframework */; settings = {ATTRIBUTES = (CodeSignOnCopy, RemoveHeadersOnCopy, ); }; };
		70216EC1299D185B008FB54D /* UILabel Static Factory.swift in Sources */ = {isa = PBXBuildFile; fileRef = 70216EC0299D185B008FB54D /* UILabel Static Factory.swift */; };
		70216EC3299D1C74008FB54D /* StorageService.swift in Sources */ = {isa = PBXBuildFile; fileRef = 70216EC2299D1C74008FB54D /* StorageService.swift */; };
		70216EC5299D5D28008FB54D /* UIView + onTapGesture.swift in Sources */ = {isa = PBXBuildFile; fileRef = 70216EC4299D5D28008FB54D /* UIView + onTapGesture.swift */; };
		70216EC7299E45A9008FB54D /* DropDown static factory.swift in Sources */ = {isa = PBXBuildFile; fileRef = 70216EC6299E45A9008FB54D /* DropDown static factory.swift */; };
		70216EC9299E5298008FB54D /* UIView + DropShadow.swift in Sources */ = {isa = PBXBuildFile; fileRef = 70216EC8299E5298008FB54D /* UIView + DropShadow.swift */; };
		70216ECC299E9054008FB54D /* TopMaskView.swift in Sources */ = {isa = PBXBuildFile; fileRef = 70216ECB299E9054008FB54D /* TopMaskView.swift */; };
		70216ECE299E95F8008FB54D /* UIViewController + TopBarHeight.swift in Sources */ = {isa = PBXBuildFile; fileRef = 70216ECD299E95F8008FB54D /* UIViewController + TopBarHeight.swift */; };
		70216ED0299E9B7A008FB54D /* UIColor + colorScheme.swift in Sources */ = {isa = PBXBuildFile; fileRef = 70216ECF299E9B7A008FB54D /* UIColor + colorScheme.swift */; };
/* End PBXBuildFile section */

/* Begin PBXCopyFilesBuildPhase section */
		70216EBF299D1394008FB54D /* Embed Frameworks */ = {
			isa = PBXCopyFilesBuildPhase;
			buildActionMask = 2147483647;
			dstPath = "";
			dstSubfolderSpec = 10;
			files = (
				70216EBE299D1394008FB54D /* DropDown.xcframework in Embed Frameworks */,
			);
			name = "Embed Frameworks";
			runOnlyForDeploymentPostprocessing = 0;
		};
/* End PBXCopyFilesBuildPhase section */

/* Begin PBXFileReference section */
		70216E4D299B59B0008FB54D /* MakeSomeFood.app */ = {isa = PBXFileReference; explicitFileType = wrapper.application; includeInIndex = 0; path = MakeSomeFood.app; sourceTree = BUILT_PRODUCTS_DIR; };
		70216E50299B59B0008FB54D /* AppDelegate.swift */ = {isa = PBXFileReference; lastKnownFileType = sourcecode.swift; path = AppDelegate.swift; sourceTree = "<group>"; };
		70216E52299B59B0008FB54D /* SceneDelegate.swift */ = {isa = PBXFileReference; lastKnownFileType = sourcecode.swift; path = SceneDelegate.swift; sourceTree = "<group>"; };
		70216E59299B59B2008FB54D /* Assets.xcassets */ = {isa = PBXFileReference; lastKnownFileType = folder.assetcatalog; path = Assets.xcassets; sourceTree = "<group>"; };
		70216E5C299B59B2008FB54D /* Base */ = {isa = PBXFileReference; lastKnownFileType = file.storyboard; name = Base; path = Base.lproj/LaunchScreen.storyboard; sourceTree = "<group>"; };
		70216E5E299B59B2008FB54D /* Info.plist */ = {isa = PBXFileReference; lastKnownFileType = text.plist.xml; path = Info.plist; sourceTree = "<group>"; };
		70216E6E299B5DE6008FB54D /* Config.xcconfig */ = {isa = PBXFileReference; lastKnownFileType = text.xcconfig; path = Config.xcconfig; sourceTree = "<group>"; };
		70216E71299B5FBC008FB54D /* API.swift */ = {isa = PBXFileReference; lastKnownFileType = sourcecode.swift; path = API.swift; sourceTree = "<group>"; };
		70216E73299B60C6008FB54D /* NetworkService.swift */ = {isa = PBXFileReference; lastKnownFileType = sourcecode.swift; path = NetworkService.swift; sourceTree = "<group>"; };
		70216E76299B6150008FB54D /* Recipe.swift */ = {isa = PBXFileReference; lastKnownFileType = sourcecode.swift; path = Recipe.swift; sourceTree = "<group>"; };
		70216E78299B64A5008FB54D /* Ingridient.swift */ = {isa = PBXFileReference; lastKnownFileType = sourcecode.swift; path = Ingridient.swift; sourceTree = "<group>"; };
		70216E87299B9757008FB54D /* HomePresenter.swift */ = {isa = PBXFileReference; lastKnownFileType = sourcecode.swift; path = HomePresenter.swift; sourceTree = "<group>"; };
		70216E89299B9757008FB54D /* HomeRouter.swift */ = {isa = PBXFileReference; lastKnownFileType = sourcecode.swift; path = HomeRouter.swift; sourceTree = "<group>"; };
		70216E8A299B9757008FB54D /* HomeModels.swift */ = {isa = PBXFileReference; lastKnownFileType = sourcecode.swift; path = HomeModels.swift; sourceTree = "<group>"; };
		70216E8B299B9757008FB54D /* HomeViewController.swift */ = {isa = PBXFileReference; lastKnownFileType = sourcecode.swift; path = HomeViewController.swift; sourceTree = "<group>"; };
		70216E8C299B9757008FB54D /* HomeInteractor.swift */ = {isa = PBXFileReference; lastKnownFileType = sourcecode.swift; path = HomeInteractor.swift; sourceTree = "<group>"; };
		70216E93299B9A66008FB54D /* RecipeCell.swift */ = {isa = PBXFileReference; lastKnownFileType = sourcecode.swift; path = RecipeCell.swift; sourceTree = "<group>"; };
		70216EA6299BC26C008FB54D /* RecipeDetailsPresenter.swift */ = {isa = PBXFileReference; lastKnownFileType = sourcecode.swift; path = RecipeDetailsPresenter.swift; sourceTree = "<group>"; };
		70216EA7299BC26C008FB54D /* RecipeDetailsWorker.swift */ = {isa = PBXFileReference; lastKnownFileType = sourcecode.swift; path = RecipeDetailsWorker.swift; sourceTree = "<group>"; };
		70216EA8299BC26C008FB54D /* RecipeDetailsRouter.swift */ = {isa = PBXFileReference; lastKnownFileType = sourcecode.swift; path = RecipeDetailsRouter.swift; sourceTree = "<group>"; };
		70216EA9299BC26C008FB54D /* RecipeDetailsModels.swift */ = {isa = PBXFileReference; lastKnownFileType = sourcecode.swift; path = RecipeDetailsModels.swift; sourceTree = "<group>"; };
		70216EAA299BC26C008FB54D /* RecipeDetailsViewController.swift */ = {isa = PBXFileReference; lastKnownFileType = sourcecode.swift; path = RecipeDetailsViewController.swift; sourceTree = "<group>"; };
		70216EAB299BC26C008FB54D /* RecipeDetailsInteractor.swift */ = {isa = PBXFileReference; lastKnownFileType = sourcecode.swift; path = RecipeDetailsInteractor.swift; sourceTree = "<group>"; };
		70216EB2299BCF21008FB54D /* ImageCache.swift */ = {isa = PBXFileReference; lastKnownFileType = sourcecode.swift; path = ImageCache.swift; sourceTree = "<group>"; };
		70216EB5299BDC7E008FB54D /* UIVIew + ShowAlert.swift */ = {isa = PBXFileReference; lastKnownFileType = sourcecode.swift; path = "UIVIew + ShowAlert.swift"; sourceTree = "<group>"; };
		70216EB7299D0FA5008FB54D /* FiltersViewController.swift */ = {isa = PBXFileReference; lastKnownFileType = sourcecode.swift; path = FiltersViewController.swift; sourceTree = "<group>"; };
		70216EB9299D105F008FB54D /* UIView + Preview.swift */ = {isa = PBXFileReference; lastKnownFileType = sourcecode.swift; path = "UIView + Preview.swift"; sourceTree = "<group>"; };
		70216EBC299D1394008FB54D /* DropDown.xcframework */ = {isa = PBXFileReference; lastKnownFileType = wrapper.xcframework; name = DropDown.xcframework; path = Carthage/Build/DropDown.xcframework; sourceTree = "<group>"; };
		70216EC0299D185B008FB54D /* UILabel Static Factory.swift */ = {isa = PBXFileReference; lastKnownFileType = sourcecode.swift; path = "UILabel Static Factory.swift"; sourceTree = "<group>"; };
		70216EC2299D1C74008FB54D /* StorageService.swift */ = {isa = PBXFileReference; lastKnownFileType = sourcecode.swift; path = StorageService.swift; sourceTree = "<group>"; };
		70216EC4299D5D28008FB54D /* UIView + onTapGesture.swift */ = {isa = PBXFileReference; lastKnownFileType = sourcecode.swift; path = "UIView + onTapGesture.swift"; sourceTree = "<group>"; };
		70216EC6299E45A9008FB54D /* DropDown static factory.swift */ = {isa = PBXFileReference; lastKnownFileType = sourcecode.swift; path = "DropDown static factory.swift"; sourceTree = "<group>"; };
		70216EC8299E5298008FB54D /* UIView + DropShadow.swift */ = {isa = PBXFileReference; lastKnownFileType = sourcecode.swift; path = "UIView + DropShadow.swift"; sourceTree = "<group>"; };
		70216ECB299E9054008FB54D /* TopMaskView.swift */ = {isa = PBXFileReference; lastKnownFileType = sourcecode.swift; path = TopMaskView.swift; sourceTree = "<group>"; };
		70216ECD299E95F8008FB54D /* UIViewController + TopBarHeight.swift */ = {isa = PBXFileReference; lastKnownFileType = sourcecode.swift; path = "UIViewController + TopBarHeight.swift"; sourceTree = "<group>"; };
		70216ECF299E9B7A008FB54D /* UIColor + colorScheme.swift */ = {isa = PBXFileReference; lastKnownFileType = sourcecode.swift; path = "UIColor + colorScheme.swift"; sourceTree = "<group>"; };
/* End PBXFileReference section */

/* Begin PBXFrameworksBuildPhase section */
		70216E4A299B59B0008FB54D /* Frameworks */ = {
			isa = PBXFrameworksBuildPhase;
			buildActionMask = 2147483647;
			files = (
				70216E69299B5C9C008FB54D /* Alamofire in Frameworks */,
				70216E6C299B5CAB008FB54D /* SnapKit in Frameworks */,
				70216EBD299D1394008FB54D /* DropDown.xcframework in Frameworks */,
			);
			runOnlyForDeploymentPostprocessing = 0;
		};
/* End PBXFrameworksBuildPhase section */

/* Begin PBXGroup section */
		70216E44299B59B0008FB54D = {
			isa = PBXGroup;
			children = (
				70216E6E299B5DE6008FB54D /* Config.xcconfig */,
				70216E4F299B59B0008FB54D /* MakeSomeFood */,
				70216E4E299B59B0008FB54D /* Products */,
				70216EBB299D1393008FB54D /* Frameworks */,
			);
			sourceTree = "<group>";
		};
		70216E4E299B59B0008FB54D /* Products */ = {
			isa = PBXGroup;
			children = (
				70216E4D299B59B0008FB54D /* MakeSomeFood.app */,
			);
			name = Products;
			sourceTree = "<group>";
		};
		70216E4F299B59B0008FB54D /* MakeSomeFood */ = {
			isa = PBXGroup;
			children = (
				70216EB4299BDC72008FB54D /* Extensions */,
				70216E86299B974D008FB54D /* Scenes */,
				70216E75299B614B008FB54D /* Models */,
				70216E70299B5FAD008FB54D /* Services */,
				70216E6D299B5CB8008FB54D /* App */,
				70216E64299B5B07008FB54D /* LaunchScreen */,
				70216E59299B59B2008FB54D /* Assets.xcassets */,
			);
			path = MakeSomeFood;
			sourceTree = "<group>";
		};
		70216E64299B5B07008FB54D /* LaunchScreen */ = {
			isa = PBXGroup;
			children = (
				70216E5B299B59B2008FB54D /* LaunchScreen.storyboard */,
			);
			path = LaunchScreen;
			sourceTree = "<group>";
		};
		70216E6D299B5CB8008FB54D /* App */ = {
			isa = PBXGroup;
			children = (
				70216E50299B59B0008FB54D /* AppDelegate.swift */,
				70216E52299B59B0008FB54D /* SceneDelegate.swift */,
				70216E5E299B59B2008FB54D /* Info.plist */,
			);
			path = App;
			sourceTree = "<group>";
		};
		70216E70299B5FAD008FB54D /* Services */ = {
			isa = PBXGroup;
			children = (
				70216E71299B5FBC008FB54D /* API.swift */,
				70216E73299B60C6008FB54D /* NetworkService.swift */,
				70216EB2299BCF21008FB54D /* ImageCache.swift */,
				70216EC2299D1C74008FB54D /* StorageService.swift */,
			);
			path = Services;
			sourceTree = "<group>";
		};
		70216E75299B614B008FB54D /* Models */ = {
			isa = PBXGroup;
			children = (
				70216E76299B6150008FB54D /* Recipe.swift */,
				70216E78299B64A5008FB54D /* Ingridient.swift */,
			);
			path = Models;
			sourceTree = "<group>";
		};
		70216E86299B974D008FB54D /* Scenes */ = {
			isa = PBXGroup;
			children = (
				70216E99299BC224008FB54D /* RecipeScene */,
				70216E98299BC21C008FB54D /* HomeScene */,
				70216EB7299D0FA5008FB54D /* FiltersViewController.swift */,
			);
			path = Scenes;
			sourceTree = "<group>";
		};
		70216E98299BC21C008FB54D /* HomeScene */ = {
			isa = PBXGroup;
			children = (
				70216ECA299E9046008FB54D /* Subviews */,
				70216E8B299B9757008FB54D /* HomeViewController.swift */,
				70216E8C299B9757008FB54D /* HomeInteractor.swift */,
				70216E87299B9757008FB54D /* HomePresenter.swift */,
				70216E89299B9757008FB54D /* HomeRouter.swift */,
				70216E8A299B9757008FB54D /* HomeModels.swift */,
				70216E93299B9A66008FB54D /* RecipeCell.swift */,
			);
			path = HomeScene;
			sourceTree = "<group>";
		};
		70216E99299BC224008FB54D /* RecipeScene */ = {
			isa = PBXGroup;
			children = (
				70216EA6299BC26C008FB54D /* RecipeDetailsPresenter.swift */,
				70216EA7299BC26C008FB54D /* RecipeDetailsWorker.swift */,
				70216EA8299BC26C008FB54D /* RecipeDetailsRouter.swift */,
				70216EA9299BC26C008FB54D /* RecipeDetailsModels.swift */,
				70216EAA299BC26C008FB54D /* RecipeDetailsViewController.swift */,
				70216EAB299BC26C008FB54D /* RecipeDetailsInteractor.swift */,
			);
			path = RecipeScene;
			sourceTree = "<group>";
		};
		70216EB4299BDC72008FB54D /* Extensions */ = {
			isa = PBXGroup;
			children = (
				70216EB5299BDC7E008FB54D /* UIVIew + ShowAlert.swift */,
				70216EB9299D105F008FB54D /* UIView + Preview.swift */,
				70216EC4299D5D28008FB54D /* UIView + onTapGesture.swift */,
				70216EC0299D185B008FB54D /* UILabel Static Factory.swift */,
				70216EC6299E45A9008FB54D /* DropDown static factory.swift */,
				70216EC8299E5298008FB54D /* UIView + DropShadow.swift */,
				70216ECD299E95F8008FB54D /* UIViewController + TopBarHeight.swift */,
				70216ECF299E9B7A008FB54D /* UIColor + colorScheme.swift */,
			);
			path = Extensions;
			sourceTree = "<group>";
		};
		70216EBB299D1393008FB54D /* Frameworks */ = {
			isa = PBXGroup;
			children = (
				70216EBC299D1394008FB54D /* DropDown.xcframework */,
			);
			name = Frameworks;
			sourceTree = "<group>";
		};
		70216ECA299E9046008FB54D /* Subviews */ = {
			isa = PBXGroup;
			children = (
				70216ECB299E9054008FB54D /* TopMaskView.swift */,
			);
			path = Subviews;
			sourceTree = "<group>";
		};
/* End PBXGroup section */

/* Begin PBXNativeTarget section */
		70216E4C299B59B0008FB54D /* MakeSomeFood */ = {
			isa = PBXNativeTarget;
			buildConfigurationList = 70216E61299B59B2008FB54D /* Build configuration list for PBXNativeTarget "MakeSomeFood" */;
			buildPhases = (
				70216E49299B59B0008FB54D /* Sources */,
				70216E4A299B59B0008FB54D /* Frameworks */,
				70216E4B299B59B0008FB54D /* Resources */,
				70216EBF299D1394008FB54D /* Embed Frameworks */,
			);
			buildRules = (
			);
			dependencies = (
			);
			name = MakeSomeFood;
			packageProductDependencies = (
				70216E68299B5C9C008FB54D /* Alamofire */,
				70216E6B299B5CAB008FB54D /* SnapKit */,
			);
			productName = MakeSomeFood;
			productReference = 70216E4D299B59B0008FB54D /* MakeSomeFood.app */;
			productType = "com.apple.product-type.application";
		};
/* End PBXNativeTarget section */

/* Begin PBXProject section */
		70216E45299B59B0008FB54D /* Project object */ = {
			isa = PBXProject;
			attributes = {
				BuildIndependentTargetsInParallel = 1;
				LastSwiftUpdateCheck = 1420;
				LastUpgradeCheck = 1420;
				TargetAttributes = {
					70216E4C299B59B0008FB54D = {
						CreatedOnToolsVersion = 14.2;
					};
				};
			};
			buildConfigurationList = 70216E48299B59B0008FB54D /* Build configuration list for PBXProject "MakeSomeFood" */;
			compatibilityVersion = "Xcode 14.0";
			developmentRegion = en;
			hasScannedForEncodings = 0;
			knownRegions = (
				en,
				Base,
			);
			mainGroup = 70216E44299B59B0008FB54D;
			packageReferences = (
				70216E67299B5C9C008FB54D /* XCRemoteSwiftPackageReference "Alamofire" */,
				70216E6A299B5CAB008FB54D /* XCRemoteSwiftPackageReference "SnapKit" */,
			);
			productRefGroup = 70216E4E299B59B0008FB54D /* Products */;
			projectDirPath = "";
			projectRoot = "";
			targets = (
				70216E4C299B59B0008FB54D /* MakeSomeFood */,
			);
		};
/* End PBXProject section */

/* Begin PBXResourcesBuildPhase section */
		70216E4B299B59B0008FB54D /* Resources */ = {
			isa = PBXResourcesBuildPhase;
			buildActionMask = 2147483647;
			files = (
				70216E5D299B59B2008FB54D /* LaunchScreen.storyboard in Resources */,
				70216E5A299B59B2008FB54D /* Assets.xcassets in Resources */,
			);
			runOnlyForDeploymentPostprocessing = 0;
		};
/* End PBXResourcesBuildPhase section */

/* Begin PBXSourcesBuildPhase section */
		70216E49299B59B0008FB54D /* Sources */ = {
			isa = PBXSourcesBuildPhase;
			buildActionMask = 2147483647;
			files = (
				70216EC9299E5298008FB54D /* UIView + DropShadow.swift in Sources */,
				70216E8D299B9757008FB54D /* HomePresenter.swift in Sources */,
				70216EB0299BC26C008FB54D /* RecipeDetailsViewController.swift in Sources */,
				70216E74299B60C6008FB54D /* NetworkService.swift in Sources */,
				70216E51299B59B0008FB54D /* AppDelegate.swift in Sources */,
				70216EAE299BC26C008FB54D /* RecipeDetailsRouter.swift in Sources */,
				70216ED0299E9B7A008FB54D /* UIColor + colorScheme.swift in Sources */,
				70216ECC299E9054008FB54D /* TopMaskView.swift in Sources */,
				70216EC5299D5D28008FB54D /* UIView + onTapGesture.swift in Sources */,
				70216E92299B9757008FB54D /* HomeInteractor.swift in Sources */,
				70216EC7299E45A9008FB54D /* DropDown static factory.swift in Sources */,
				70216E72299B5FBC008FB54D /* API.swift in Sources */,
				70216E53299B59B0008FB54D /* SceneDelegate.swift in Sources */,
				70216EC1299D185B008FB54D /* UILabel Static Factory.swift in Sources */,
				70216E77299B6150008FB54D /* Recipe.swift in Sources */,
				70216E90299B9757008FB54D /* HomeModels.swift in Sources */,
				70216EB3299BCF21008FB54D /* ImageCache.swift in Sources */,
				70216E91299B9757008FB54D /* HomeViewController.swift in Sources */,
				70216EC3299D1C74008FB54D /* StorageService.swift in Sources */,
				70216EAC299BC26C008FB54D /* RecipeDetailsPresenter.swift in Sources */,
				70216EAF299BC26C008FB54D /* RecipeDetailsModels.swift in Sources */,
				70216EAD299BC26C008FB54D /* RecipeDetailsWorker.swift in Sources */,
				70216EBA299D105F008FB54D /* UIView + Preview.swift in Sources */,
				70216EB8299D0FA5008FB54D /* FiltersViewController.swift in Sources */,
				70216EB1299BC26C008FB54D /* RecipeDetailsInteractor.swift in Sources */,
				70216EB6299BDC7E008FB54D /* UIVIew + ShowAlert.swift in Sources */,
				70216ECE299E95F8008FB54D /* UIViewController + TopBarHeight.swift in Sources */,
				70216E8F299B9757008FB54D /* HomeRouter.swift in Sources */,
				70216E94299B9A66008FB54D /* RecipeCell.swift in Sources */,
				70216E79299B64A5008FB54D /* Ingridient.swift in Sources */,
			);
			runOnlyForDeploymentPostprocessing = 0;
		};
/* End PBXSourcesBuildPhase section */

/* Begin PBXVariantGroup section */
		70216E5B299B59B2008FB54D /* LaunchScreen.storyboard */ = {
			isa = PBXVariantGroup;
			children = (
				70216E5C299B59B2008FB54D /* Base */,
			);
			name = LaunchScreen.storyboard;
			sourceTree = "<group>";
		};
/* End PBXVariantGroup section */

/* Begin XCBuildConfiguration section */
		70216E5F299B59B2008FB54D /* Debug */ = {
			isa = XCBuildConfiguration;
			baseConfigurationReference = 70216E6E299B5DE6008FB54D /* Config.xcconfig */;
			buildSettings = {
				ALWAYS_SEARCH_USER_PATHS = NO;
				CLANG_ANALYZER_NONNULL = YES;
				CLANG_ANALYZER_NUMBER_OBJECT_CONVERSION = YES_AGGRESSIVE;
				CLANG_CXX_LANGUAGE_STANDARD = "gnu++20";
				CLANG_ENABLE_MODULES = YES;
				CLANG_ENABLE_OBJC_ARC = YES;
				CLANG_ENABLE_OBJC_WEAK = YES;
				CLANG_WARN_BLOCK_CAPTURE_AUTORELEASING = YES;
				CLANG_WARN_BOOL_CONVERSION = YES;
				CLANG_WARN_COMMA = YES;
				CLANG_WARN_CONSTANT_CONVERSION = YES;
				CLANG_WARN_DEPRECATED_OBJC_IMPLEMENTATIONS = YES;
				CLANG_WARN_DIRECT_OBJC_ISA_USAGE = YES_ERROR;
				CLANG_WARN_DOCUMENTATION_COMMENTS = YES;
				CLANG_WARN_EMPTY_BODY = YES;
				CLANG_WARN_ENUM_CONVERSION = YES;
				CLANG_WARN_INFINITE_RECURSION = YES;
				CLANG_WARN_INT_CONVERSION = YES;
				CLANG_WARN_NON_LITERAL_NULL_CONVERSION = YES;
				CLANG_WARN_OBJC_IMPLICIT_RETAIN_SELF = YES;
				CLANG_WARN_OBJC_LITERAL_CONVERSION = YES;
				CLANG_WARN_OBJC_ROOT_CLASS = YES_ERROR;
				CLANG_WARN_QUOTED_INCLUDE_IN_FRAMEWORK_HEADER = YES;
				CLANG_WARN_RANGE_LOOP_ANALYSIS = YES;
				CLANG_WARN_STRICT_PROTOTYPES = YES;
				CLANG_WARN_SUSPICIOUS_MOVE = YES;
				CLANG_WARN_UNGUARDED_AVAILABILITY = YES_AGGRESSIVE;
				CLANG_WARN_UNREACHABLE_CODE = YES;
				CLANG_WARN__DUPLICATE_METHOD_MATCH = YES;
				COPY_PHASE_STRIP = NO;
				DEBUG_INFORMATION_FORMAT = dwarf;
				ENABLE_STRICT_OBJC_MSGSEND = YES;
				ENABLE_TESTABILITY = YES;
				GCC_C_LANGUAGE_STANDARD = gnu11;
				GCC_DYNAMIC_NO_PIC = NO;
				GCC_NO_COMMON_BLOCKS = YES;
				GCC_OPTIMIZATION_LEVEL = 0;
				GCC_PREPROCESSOR_DEFINITIONS = (
					"DEBUG=1",
					"$(inherited)",
				);
				GCC_WARN_64_TO_32_BIT_CONVERSION = YES;
				GCC_WARN_ABOUT_RETURN_TYPE = YES_ERROR;
				GCC_WARN_UNDECLARED_SELECTOR = YES;
				GCC_WARN_UNINITIALIZED_AUTOS = YES_AGGRESSIVE;
				GCC_WARN_UNUSED_FUNCTION = YES;
				GCC_WARN_UNUSED_VARIABLE = YES;
				IPHONEOS_DEPLOYMENT_TARGET = 14.0;
				MTL_ENABLE_DEBUG_INFO = INCLUDE_SOURCE;
				MTL_FAST_MATH = YES;
				ONLY_ACTIVE_ARCH = YES;
				SDKROOT = iphoneos;
				SWIFT_ACTIVE_COMPILATION_CONDITIONS = DEBUG;
				SWIFT_OPTIMIZATION_LEVEL = "-Onone";
			};
			name = Debug;
		};
		70216E60299B59B2008FB54D /* Release */ = {
			isa = XCBuildConfiguration;
			baseConfigurationReference = 70216E6E299B5DE6008FB54D /* Config.xcconfig */;
			buildSettings = {
				ALWAYS_SEARCH_USER_PATHS = NO;
				CLANG_ANALYZER_NONNULL = YES;
				CLANG_ANALYZER_NUMBER_OBJECT_CONVERSION = YES_AGGRESSIVE;
				CLANG_CXX_LANGUAGE_STANDARD = "gnu++20";
				CLANG_ENABLE_MODULES = YES;
				CLANG_ENABLE_OBJC_ARC = YES;
				CLANG_ENABLE_OBJC_WEAK = YES;
				CLANG_WARN_BLOCK_CAPTURE_AUTORELEASING = YES;
				CLANG_WARN_BOOL_CONVERSION = YES;
				CLANG_WARN_COMMA = YES;
				CLANG_WARN_CONSTANT_CONVERSION = YES;
				CLANG_WARN_DEPRECATED_OBJC_IMPLEMENTATIONS = YES;
				CLANG_WARN_DIRECT_OBJC_ISA_USAGE = YES_ERROR;
				CLANG_WARN_DOCUMENTATION_COMMENTS = YES;
				CLANG_WARN_EMPTY_BODY = YES;
				CLANG_WARN_ENUM_CONVERSION = YES;
				CLANG_WARN_INFINITE_RECURSION = YES;
				CLANG_WARN_INT_CONVERSION = YES;
				CLANG_WARN_NON_LITERAL_NULL_CONVERSION = YES;
				CLANG_WARN_OBJC_IMPLICIT_RETAIN_SELF = YES;
				CLANG_WARN_OBJC_LITERAL_CONVERSION = YES;
				CLANG_WARN_OBJC_ROOT_CLASS = YES_ERROR;
				CLANG_WARN_QUOTED_INCLUDE_IN_FRAMEWORK_HEADER = YES;
				CLANG_WARN_RANGE_LOOP_ANALYSIS = YES;
				CLANG_WARN_STRICT_PROTOTYPES = YES;
				CLANG_WARN_SUSPICIOUS_MOVE = YES;
				CLANG_WARN_UNGUARDED_AVAILABILITY = YES_AGGRESSIVE;
				CLANG_WARN_UNREACHABLE_CODE = YES;
				CLANG_WARN__DUPLICATE_METHOD_MATCH = YES;
				COPY_PHASE_STRIP = NO;
				DEBUG_INFORMATION_FORMAT = "dwarf-with-dsym";
				ENABLE_NS_ASSERTIONS = NO;
				ENABLE_STRICT_OBJC_MSGSEND = YES;
				GCC_C_LANGUAGE_STANDARD = gnu11;
				GCC_NO_COMMON_BLOCKS = YES;
				GCC_WARN_64_TO_32_BIT_CONVERSION = YES;
				GCC_WARN_ABOUT_RETURN_TYPE = YES_ERROR;
				GCC_WARN_UNDECLARED_SELECTOR = YES;
				GCC_WARN_UNINITIALIZED_AUTOS = YES_AGGRESSIVE;
				GCC_WARN_UNUSED_FUNCTION = YES;
				GCC_WARN_UNUSED_VARIABLE = YES;
				IPHONEOS_DEPLOYMENT_TARGET = 14.0;
				MTL_ENABLE_DEBUG_INFO = NO;
				MTL_FAST_MATH = YES;
				SDKROOT = iphoneos;
				SWIFT_COMPILATION_MODE = wholemodule;
				SWIFT_OPTIMIZATION_LEVEL = "-O";
				VALIDATE_PRODUCT = YES;
			};
			name = Release;
		};
		70216E62299B59B2008FB54D /* Debug */ = {
			isa = XCBuildConfiguration;
			buildSettings = {
				ASSETCATALOG_COMPILER_APPICON_NAME = AppIcon;
				ASSETCATALOG_COMPILER_GLOBAL_ACCENT_COLOR_NAME = AccentColor;
				CODE_SIGN_STYLE = Automatic;
				CURRENT_PROJECT_VERSION = 1;
				DEVELOPMENT_TEAM = BS64CSG2MY;
				GENERATE_INFOPLIST_FILE = YES;
				INFOPLIST_FILE = MakeSomeFood/App/Info.plist;
				INFOPLIST_KEY_UIApplicationSupportsIndirectInputEvents = YES;
				INFOPLIST_KEY_UILaunchStoryboardName = LaunchScreen;
				INFOPLIST_KEY_UISupportedInterfaceOrientations = UIInterfaceOrientationPortrait;
				IPHONEOS_DEPLOYMENT_TARGET = 14.0;
				LD_RUNPATH_SEARCH_PATHS = (
					"$(inherited)",
					"@executable_path/Frameworks",
				);
				MARKETING_VERSION = 1.0;
				PRODUCT_BUNDLE_IDENTIFIER = null.MakeSomeFood;
				PRODUCT_NAME = "$(TARGET_NAME)";
				SUPPORTED_PLATFORMS = "iphoneos iphonesimulator";
				SUPPORTS_MACCATALYST = NO;
				SUPPORTS_MAC_DESIGNED_FOR_IPHONE_IPAD = NO;
				SWIFT_EMIT_LOC_STRINGS = YES;
				SWIFT_VERSION = 5.0;
				TARGETED_DEVICE_FAMILY = 1;
			};
			name = Debug;
		};
		70216E63299B59B2008FB54D /* Release */ = {
			isa = XCBuildConfiguration;
			buildSettings = {
				ASSETCATALOG_COMPILER_APPICON_NAME = AppIcon;
				ASSETCATALOG_COMPILER_GLOBAL_ACCENT_COLOR_NAME = AccentColor;
				CODE_SIGN_STYLE = Automatic;
				CURRENT_PROJECT_VERSION = 1;
				DEVELOPMENT_TEAM = BS64CSG2MY;
				GENERATE_INFOPLIST_FILE = YES;
				INFOPLIST_FILE = MakeSomeFood/App/Info.plist;
				INFOPLIST_KEY_UIApplicationSupportsIndirectInputEvents = YES;
				INFOPLIST_KEY_UILaunchStoryboardName = LaunchScreen;
				INFOPLIST_KEY_UISupportedInterfaceOrientations = UIInterfaceOrientationPortrait;
				IPHONEOS_DEPLOYMENT_TARGET = 14.0;
				LD_RUNPATH_SEARCH_PATHS = (
					"$(inherited)",
					"@executable_path/Frameworks",
				);
				MARKETING_VERSION = 1.0;
				PRODUCT_BUNDLE_IDENTIFIER = null.MakeSomeFood;
				PRODUCT_NAME = "$(TARGET_NAME)";
				SUPPORTED_PLATFORMS = "iphoneos iphonesimulator";
				SUPPORTS_MACCATALYST = NO;
				SUPPORTS_MAC_DESIGNED_FOR_IPHONE_IPAD = NO;
				SWIFT_EMIT_LOC_STRINGS = YES;
				SWIFT_VERSION = 5.0;
				TARGETED_DEVICE_FAMILY = 1;
			};
			name = Release;
		};
/* End XCBuildConfiguration section */

/* Begin XCConfigurationList section */
		70216E48299B59B0008FB54D /* Build configuration list for PBXProject "MakeSomeFood" */ = {
			isa = XCConfigurationList;
			buildConfigurations = (
				70216E5F299B59B2008FB54D /* Debug */,
				70216E60299B59B2008FB54D /* Release */,
			);
			defaultConfigurationIsVisible = 0;
			defaultConfigurationName = Release;
		};
		70216E61299B59B2008FB54D /* Build configuration list for PBXNativeTarget "MakeSomeFood" */ = {
			isa = XCConfigurationList;
			buildConfigurations = (
				70216E62299B59B2008FB54D /* Debug */,
				70216E63299B59B2008FB54D /* Release */,
			);
			defaultConfigurationIsVisible = 0;
			defaultConfigurationName = Release;
		};
/* End XCConfigurationList section */

/* Begin XCRemoteSwiftPackageReference section */
		70216E67299B5C9C008FB54D /* XCRemoteSwiftPackageReference "Alamofire" */ = {
			isa = XCRemoteSwiftPackageReference;
			repositoryURL = "https://github.com/Alamofire/Alamofire";
			requirement = {
				kind = upToNextMajorVersion;
				minimumVersion = 5.0.0;
			};
		};
		70216E6A299B5CAB008FB54D /* XCRemoteSwiftPackageReference "SnapKit" */ = {
			isa = XCRemoteSwiftPackageReference;
			repositoryURL = "https://github.com/SnapKit/SnapKit";
			requirement = {
				kind = upToNextMajorVersion;
				minimumVersion = 5.0.0;
			};
		};
/* End XCRemoteSwiftPackageReference section */

/* Begin XCSwiftPackageProductDependency section */
		70216E68299B5C9C008FB54D /* Alamofire */ = {
			isa = XCSwiftPackageProductDependency;
			package = 70216E67299B5C9C008FB54D /* XCRemoteSwiftPackageReference "Alamofire" */;
			productName = Alamofire;
		};
		70216E6B299B5CAB008FB54D /* SnapKit */ = {
			isa = XCSwiftPackageProductDependency;
			package = 70216E6A299B5CAB008FB54D /* XCRemoteSwiftPackageReference "SnapKit" */;
			productName = SnapKit;
		};
/* End XCSwiftPackageProductDependency section */
	};
	rootObject = 70216E45299B59B0008FB54D /* Project object */;
}
